{
    "version": 3,
    "terraform_version": "0.9.11",
    "serial": 1,
    "lineage": "75634a3d-662c-4397-9107-4e853f633983",
    "modules": [
        {
            "path": [
                "root"
            ],
            "outputs": {
                "lambda_name": {
                    "sensitive": false,
                    "type": "string",
                    "value": "arn:aws:lambda:eu-west-1:502958579293:function:egimenez-exam_convert_to_csv"
                }
            },
            "resources": {},
            "depends_on": []
        },
        {
            "path": [
                "root",
                "lambda"
            ],
            "outputs": {
                "lambda_arn": {
                    "sensitive": false,
                    "type": "string",
                    "value": "arn:aws:lambda:eu-west-1:502958579293:function:egimenez-exam_convert_to_csv"
                },
                "policy_name": {
                    "sensitive": false,
                    "type": "string",
                    "value": "egimenez-exam-role"
                }
            },
            "resources": {
                "aws_iam_role.role": {
                    "type": "aws_iam_role",
                    "depends_on": [],
                    "primary": {
                        "id": "egimenez-exam-role",
                        "attributes": {
                            "arn": "arn:aws:iam::502958579293:role/egimenez-exam-role",
                            "assume_role_policy": "{\"Version\":\"2012-10-17\",\"Statement\":[{\"Sid\":\"\",\"Effect\":\"Allow\",\"Principal\":{\"Service\":\"lambda.amazonaws.com\"},\"Action\":\"sts:AssumeRole\"}]}",
                            "create_date": "2017-10-20T08:57:02Z",
                            "id": "egimenez-exam-role",
                            "name": "egimenez-exam-role",
                            "path": "/",
                            "unique_id": "AROAISN444WZICW7TUBJU"
                        },
                        "meta": {},
                        "tainted": false
                    },
                    "deposed": [],
                    "provider": ""
                },
                "aws_lambda_function.examen": {
                    "type": "aws_lambda_function",
                    "depends_on": [
                        "aws_iam_role.role"
                    ],
                    "primary": {
                        "id": "egimenez-exam_convert_to_csv",
                        "attributes": {
                            "arn": "arn:aws:lambda:eu-west-1:502958579293:function:egimenez-exam_convert_to_csv",
                            "dead_letter_config.#": "0",
                            "description": "",
                            "environment.#": "0",
                            "filename": "/home/eduardogimenez/repositorio/examen/terraform/.terraform/modules/2ee61d464ebad44d9d1d616560f79bb1/functions/lambda_nodejs.zip",
                            "function_name": "egimenez-exam_convert_to_csv",
                            "handler": "convert.js",
                            "id": "egimenez-exam_convert_to_csv",
                            "invoke_arn": "arn:aws:apigateway:eu-west-1:lambda:path/2015-03-31/functions/arn:aws:lambda:eu-west-1:502958579293:function:egimenez-exam_convert_to_csv/invocations",
                            "kms_key_arn": "",
                            "last_modified": "2017-10-20T08:57:22.631+0000",
                            "memory_size": "128",
                            "publish": "false",
                            "qualified_arn": "arn:aws:lambda:eu-west-1:502958579293:function:egimenez-exam_convert_to_csv:$LATEST",
                            "role": "arn:aws:iam::502958579293:role/egimenez-exam-role",
                            "runtime": "nodejs6.10",
                            "source_code_hash": "FAT5FffIFACUBnTFhxA730WezYOLQDCvR2I9ZX9FrcU=",
                            "tags.%": "0",
                            "timeout": "5",
                            "tracing_config.#": "1",
                            "tracing_config.0.mode": "PassThrough",
                            "version": "$LATEST",
                            "vpc_config.#": "0"
                        },
                        "meta": {},
                        "tainted": false
                    },
                    "deposed": [],
                    "provider": ""
                },
                "aws_lambda_permission.allow_cloudwatch": {
                    "type": "aws_lambda_permission",
                    "depends_on": [
                        "aws_lambda_function.examen"
                    ],
                    "primary": {
                        "id": "AllowExecutionFromCloudWatch",
                        "attributes": {
                            "action": "lambda:InvokeFunction",
                            "function_name": "egimenez-exam_convert_to_csv",
                            "id": "AllowExecutionFromCloudWatch",
                            "principal": "s3.amazonaws.com",
                            "qualifier": "",
                            "source_arn": "arn:aws:s3:::egimenez-exam-origen",
                            "statement_id": "AllowExecutionFromCloudWatch"
                        },
                        "meta": {},
                        "tainted": false
                    },
                    "deposed": [],
                    "provider": ""
                },
                "aws_s3_bucket_notification.bucket_notification": {
                    "type": "aws_s3_bucket_notification",
                    "depends_on": [
                        "aws_sns_topic.topic"
                    ],
                    "primary": {
                        "id": "egimenez-exam-origen",
                        "attributes": {
                            "bucket": "egimenez-exam-origen",
                            "id": "egimenez-exam-origen",
                            "lambda_function.#": "0",
                            "queue.#": "0",
                            "topic.#": "1",
                            "topic.0.events.#": "1",
                            "topic.0.events.3356830603": "s3:ObjectCreated:*",
                            "topic.0.filter_prefix": "",
                            "topic.0.filter_suffix": ".log",
                            "topic.0.id": "tf-s3-topic-00f3419308430da195cd8956f5",
                            "topic.0.topic_arn": "arn:aws:sns:eu-west-1:502958579293:s3-event-notification-topic"
                        },
                        "meta": {},
                        "tainted": false
                    },
                    "deposed": [],
                    "provider": ""
                },
                "aws_sns_topic.topic": {
                    "type": "aws_sns_topic",
                    "depends_on": [],
                    "primary": {
                        "id": "arn:aws:sns:eu-west-1:502958579293:s3-event-notification-topic",
                        "attributes": {
                            "arn": "arn:aws:sns:eu-west-1:502958579293:s3-event-notification-topic",
                            "display_name": "",
                            "id": "arn:aws:sns:eu-west-1:502958579293:s3-event-notification-topic",
                            "name": "s3-event-notification-topic",
                            "policy": "{\"Statement\":[{\"Action\":\"SNS:Publish\",\"Condition\":{\"ArnLike\":{\"aws:SourceArn\":\"arn:aws:s3:::egimenez-exam-origen\"}},\"Effect\":\"Allow\",\"Principal\":{\"AWS\":\"*\"},\"Resource\":\"arn:aws:sns:*:*:s3-event-notification-topic\"}],\"Version\":\"2012-10-17\"}"
                        },
                        "meta": {},
                        "tainted": false
                    },
                    "deposed": [],
                    "provider": ""
                }
            },
            "depends_on": []
        },
        {
            "path": [
                "root",
                "s3"
            ],
            "outputs": {
                "destino": {
                    "sensitive": false,
                    "type": "string",
                    "value": "arn:aws:s3:::egimenez-exam-destino"
                },
                "origen": {
                    "sensitive": false,
                    "type": "string",
                    "value": "arn:aws:s3:::egimenez-exam-origen"
                },
                "origen_id": {
                    "sensitive": false,
                    "type": "string",
                    "value": "egimenez-exam-origen"
                }
            },
            "resources": {
                "aws_s3_bucket.destino": {
                    "type": "aws_s3_bucket",
                    "depends_on": [],
                    "primary": {
                        "id": "egimenez-exam-destino",
                        "attributes": {
                            "acceleration_status": "",
                            "acl": "private",
                            "arn": "arn:aws:s3:::egimenez-exam-destino",
                            "bucket": "egimenez-exam-destino",
                            "bucket_domain_name": "egimenez-exam-destino.s3.amazonaws.com",
                            "force_destroy": "false",
                            "hosted_zone_id": "Z1BKCTXD74EZPE",
                            "id": "egimenez-exam-destino",
                            "logging.#": "0",
                            "region": "eu-west-1",
                            "request_payer": "BucketOwner",
                            "tags.%": "0",
                            "versioning.#": "1",
                            "versioning.0.enabled": "true",
                            "versioning.0.mfa_delete": "false",
                            "website.#": "0"
                        },
                        "meta": {},
                        "tainted": false
                    },
                    "deposed": [],
                    "provider": ""
                },
                "aws_s3_bucket.origen": {
                    "type": "aws_s3_bucket",
                    "depends_on": [],
                    "primary": {
                        "id": "egimenez-exam-origen",
                        "attributes": {
                            "acceleration_status": "",
                            "acl": "private",
                            "arn": "arn:aws:s3:::egimenez-exam-origen",
                            "bucket": "egimenez-exam-origen",
                            "bucket_domain_name": "egimenez-exam-origen.s3.amazonaws.com",
                            "force_destroy": "false",
                            "hosted_zone_id": "Z1BKCTXD74EZPE",
                            "id": "egimenez-exam-origen",
                            "logging.#": "0",
                            "region": "eu-west-1",
                            "request_payer": "BucketOwner",
                            "tags.%": "0",
                            "versioning.#": "1",
                            "versioning.0.enabled": "true",
                            "versioning.0.mfa_delete": "false",
                            "website.#": "0"
                        },
                        "meta": {},
                        "tainted": false
                    },
                    "deposed": [],
                    "provider": ""
                }
            },
            "depends_on": []
        }
    ]
}
